// !$*UTF8*$!
{
	archiveVersion = 1;
	classes = {
	};
	objectVersion = 46;
	objects = {

/* Begin PBXBuildFile section */
		FF048A6B1D20EB8E00D78617 /* AppDelegate.swift in Sources */ = {isa = PBXBuildFile; fileRef = FF048A6A1D20EB8E00D78617 /* AppDelegate.swift */; };
		FF048A6D1D20EB8E00D78617 /* ViewController.swift in Sources */ = {isa = PBXBuildFile; fileRef = FF048A6C1D20EB8E00D78617 /* ViewController.swift */; };
		FF048A701D20EB8E00D78617 /* Main.storyboard in Resources */ = {isa = PBXBuildFile; fileRef = FF048A6E1D20EB8E00D78617 /* Main.storyboard */; };
		FF048A721D20EB8E00D78617 /* Assets.xcassets in Resources */ = {isa = PBXBuildFile; fileRef = FF048A711D20EB8E00D78617 /* Assets.xcassets */; };
		FF048A751D20EB8E00D78617 /* LaunchScreen.storyboard in Resources */ = {isa = PBXBuildFile; fileRef = FF048A731D20EB8E00D78617 /* LaunchScreen.storyboard */; };
/* End PBXBuildFile section */

/* Begin PBXFileReference section */
		FF048A671D20EB8E00D78617 /* IDEAChat.app */ = {isa = PBXFileReference; explicitFileType = wrapper.application; includeInIndex = 0; path = IDEAChat.app; sourceTree = BUILT_PRODUCTS_DIR; };
		FF048A6A1D20EB8E00D78617 /* AppDelegate.swift */ = {isa = PBXFileReference; lastKnownFileType = sourcecode.swift; path = AppDelegate.swift; sourceTree = "<group>"; };
		FF048A6C1D20EB8E00D78617 /* ViewController.swift */ = {isa = PBXFileReference; lastKnownFileType = sourcecode.swift; path = ViewController.swift; sourceTree = "<group>"; };
		FF048A6F1D20EB8E00D78617 /* Base */ = {isa = PBXFileReference; lastKnownFileType = file.storyboard; name = Base; path = Base.lproj/Main.storyboard; sourceTree = "<group>"; };
		FF048A711D20EB8E00D78617 /* Assets.xcassets */ = {isa = PBXFileReference; lastKnownFileType = folder.assetcatalog; path = Assets.xcassets; sourceTree = "<group>"; };
		FF048A741D20EB8E00D78617 /* Base */ = {isa = PBXFileReference; lastKnownFileType = file.storyboard; name = Base; path = Base.lproj/LaunchScreen.storyboard; sourceTree = "<group>"; };
		FF048A761D20EB8E00D78617 /* Info.plist */ = {isa = PBXFileReference; lastKnownFileType = text.plist.xml; path = Info.plist; sourceTree = "<group>"; };
/* End PBXFileReference section */

/* Begin PBXFrameworksBuildPhase section */
		FF048A641D20EB8E00D78617 /* Frameworks */ = {
			isa = PBXFrameworksBuildPhase;
			buildActionMask = 2147483647;
			files = (
			);
			runOnlyForDeploymentPostprocessing = 0;
		};
/* End PBXFrameworksBuildPhase section */

/* Begin PBXGroup section */
		FF048A5E1D20EB8E00D78617 = {
			isa = PBXGroup;
			children = (
				FF048A691D20EB8E00D78617 /* IDEAChat */,
				FF048A681D20EB8E00D78617 /* Products */,
			);
			sourceTree = "<group>";
		};
		FF048A681D20EB8E00D78617 /* Products */ = {
			isa = PBXGroup;
			children = (
				FF048A671D20EB8E00D78617 /* IDEAChat.app */,
			);
			name = Products;
			sourceTree = "<group>";
		};
		FF048A691D20EB8E00D78617 /* IDEAChat */ = {
			isa = PBXGroup;
			children = (
				FF048A6A1D20EB8E00D78617 /* AppDelegate.swift */,
				FF048A6C1D20EB8E00D78617 /* ViewController.swift */,
				FF048A6E1D20EB8E00D78617 /* Main.storyboard */,
				FF048A711D20EB8E00D78617 /* Assets.xcassets */,
				FF048A731D20EB8E00D78617 /* LaunchScreen.storyboard */,
				FF048A761D20EB8E00D78617 /* Info.plist */,
			);
			path = IDEAChat;
			sourceTree = "<group>";
		};
/* End PBXGroup section */

/* Begin PBXNativeTarget section */
		FF048A661D20EB8E00D78617 /* IDEAChat */ = {
			isa = PBXNativeTarget;
			buildConfigurationList = FF048A791D20EB8E00D78617 /* Build configuration list for PBXNativeTarget "IDEAChat" */;
			buildPhases = (
				FF048A631D20EB8E00D78617 /* Sources */,
				FF048A641D20EB8E00D78617 /* Frameworks */,
				FF048A651D20EB8E00D78617 /* Resources */,
			);
			buildRules = (
			);
			dependencies = (
			);
			name = IDEAChat;
			productName = IDEAChat;
			productReference = FF048A671D20EB8E00D78617 /* IDEAChat.app */;
			productType = "com.apple.product-type.application";
		};
/* End PBXNativeTarget section */

/* Begin PBXProject section */
		FF048A5F1D20EB8E00D78617 /* Project object */ = {
			isa = PBXProject;
			attributes = {
				LastSwiftUpdateCheck = 0800;
				LastUpgradeCheck = 0800;
				ORGANIZATIONNAME = "Long Hoang";
				TargetAttributes = {
					FF048A661D20EB8E00D78617 = {
						CreatedOnToolsVersion = 8.0;
						DevelopmentTeam = GBRMF3XZ9K;
						DevelopmentTeamName = "Long Hoàng";
						ProvisioningStyle = Automatic;
					};
				};
			};
			buildConfigurationList = FF048A621D20EB8E00D78617 /* Build configuration list for PBXProject "IDEAChat" */;
			compatibilityVersion = "Xcode 3.2";
			developmentRegion = English;
			hasScannedForEncodings = 0;
			knownRegions = (
				en,
				Base,
			);
			mainGroup = FF048A5E1D20EB8E00D78617;
			productRefGroup = FF048A681D20EB8E00D78617 /* Products */;
			projectDirPath = "";
			projectRoot = "";
			targets = (
				FF048A661D20EB8E00D78617 /* IDEAChat */,
			);
		};
/* End PBXProject section */

/* Begin PBXResourcesBuildPhase section */
		FF048A651D20EB8E00D78617 /* Resources */ = {
			isa = PBXResourcesBuildPhase;
			buildActionMask = 2147483647;
			files = (
				FF048A751D20EB8E00D78617 /* LaunchScreen.storyboard in Resources */,
				FF048A721D20EB8E00D78617 /* Assets.xcassets in Resources */,
				FF048A701D20EB8E00D78617 /* Main.storyboard in Resources */,
			);
			runOnlyForDeploymentPostprocessing = 0;
		};
/* End PBXResourcesBuildPhase section */

/* Begin PBXSourcesBuildPhase section */
		FF048A631D20EB8E00D78617 /* Sources */ = {
			isa = PBXSourcesBuildPhase;
			buildActionMask = 2147483647;
			files = (
				FF048A6D1D20EB8E00D78617 /* ViewController.swift in Sources */,
				FF048A6B1D20EB8E00D78617 /* AppDelegate.swift in Sources */,
			);
			runOnlyForDeploymentPostprocessing = 0;
		};
/* End PBXSourcesBuildPhase section */

/* Begin PBXVariantGroup section */
		FF048A6E1D20EB8E00D78617 /* Main.storyboard */ = {
			isa = PBXVariantGroup;
			children = (
				FF048A6F1D20EB8E00D78617 /* Base */,
			);
			name = Main.storyboard;
			sourceTree = "<group>";
		};
		FF048A731D20EB8E00D78617 /* LaunchScreen.storyboard */ = {
			isa = PBXVariantGroup;
			children = (
				FF048A741D20EB8E00D78617 /* Base */,
			);
			name = LaunchScreen.storyboard;
			sourceTree = "<group>";
		};
/* End PBXVariantGroup section */

/* Begin XCBuildConfiguration section */
		FF048A771D20EB8E00D78617 /* Debug */ = {
			isa = XCBuildConfiguration;
			buildSettings = {
				ALWAYS_SEARCH_USER_PATHS = NO;
				CLANG_ANALYZER_NONNULL = YES;
				CLANG_CXX_LANGUAGE_STANDARD = "gnu++0x";
				CLANG_CXX_LIBRARY = "libc++";
				CLANG_ENABLE_MODULES = YES;
				CLANG_ENABLE_OBJC_ARC = YES;
				CLANG_WARN_BOOL_CONVERSION = YES;
				CLANG_WARN_CONSTANT_CONVERSION = YES;
				CLANG_WARN_DIRECT_OBJC_ISA_USAGE = YES_ERROR;
				CLANG_WARN_DOCUMENTATION_COMMENTS = YES;
				CLANG_WARN_EMPTY_BODY = YES;
				CLANG_WARN_ENUM_CONVERSION = YES;
				CLANG_WARN_INT_CONVERSION = YES;
				CLANG_WARN_OBJC_ROOT_CLASS = YES_ERROR;
				CLANG_WARN_UNREACHABLE_CODE = YES;
				CLANG_WARN__DUPLICATE_METHOD_MATCH = YES;
				"CODE_SIGN_IDENTITY[sdk=iphoneos*]" = "iPhone Developer";
				COPY_PHASE_STRIP = NO;
				DEBUG_INFORMATION_FORMAT = dwarf;
				ENABLE_STRICT_OBJC_MSGSEND = YES;
				ENABLE_TESTABILITY = YES;
				GCC_C_LANGUAGE_STANDARD = gnu99;
				GCC_DYNAMIC_NO_PIC = NO;
				GCC_NO_COMMON_BLOCKS = YES;
				GCC_OPTIMIZATION_LEVEL = 0;
				GCC_PREPROCESSOR_DEFINITIONS = (
					"DEBUG=1",
					"$(inherited)",
				);
				GCC_WARN_64_TO_32_BIT_CONVERSION = YES;
				GCC_WARN_ABOUT_RETURN_TYPE = YES_ERROR;
				GCC_WARN_UNDECLARED_SELECTOR = YES;
				GCC_WARN_UNINITIALIZED_AUTOS = YES_AGGRESSIVE;
				GCC_WARN_UNUSED_FUNCTION = YES;
				GCC_WARN_UNUSED_VARIABLE = YES;
				IPHONEOS_DEPLOYMENT_TARGET = 10.0;
				MTL_ENABLE_DEBUG_INFO = YES;
				ONLY_ACTIVE_ARCH = YES;
				SDKROOT = iphoneos;
				SWIFT_ACTIVE_COMPILATION_CONDITIONS = DEBUG;
				SWIFT_OPTIMIZATION_LEVEL = "-Onone";
			};
			name = Debug;
		};
		FF048A781D20EB8E00D78617 /* Release */ = {
			isa = XCBuildConfiguration;
			buildSettings = {
				ALWAYS_SEARCH_USER_PATHS = NO;
				CLANG_ANALYZER_NONNULL = YES;
				CLANG_CXX_LANGUAGE_STANDARD = "gnu++0x";
				CLANG_CXX_LIBRARY = "libc++";
				CLANG_ENABLE_MODULES = YES;
				CLANG_ENABLE_OBJC_ARC = YES;
				CLANG_WARN_BOOL_CONVERSION = YES;
				CLANG_WARN_CONSTANT_CONVERSION = YES;
				CLANG_WARN_DIRECT_OBJC_ISA_USAGE = YES_ERROR;
				CLANG_WARN_DOCUMENTATION_COMMENTS = YES;
				CLANG_WARN_EMPTY_BODY = YES;
				CLANG_WARN_ENUM_CONVERSION = YES;
				CLANG_WARN_INT_CONVERSION = YES;
				CLANG_WARN_OBJC_ROOT_CLASS = YES_ERROR;
				CLANG_WARN_UNREACHABLE_CODE = YES;
				CLANG_WARN__DUPLICATE_METHOD_MATCH = YES;
				"CODE_SIGN_IDENTITY[sdk=iphoneos*]" = "iPhone Developer";
				COPY_PHASE_STRIP = NO;
				DEBUG_INFORMATION_FORMAT = "dwarf-with-dsym";
				ENABLE_NS_ASSERTIONS = NO;
				ENABLE_STRICT_OBJC_MSGSEND = YES;
				GCC_C_LANGUAGE_STANDARD = gnu99;
				GCC_NO_COMMON_BLOCKS = YES;
				GCC_WARN_64_TO_32_BIT_CONVERSION = YES;
				GCC_WARN_ABOUT_RETURN_TYPE = YES_ERROR;
				GCC_WARN_UNDECLARED_SELECTOR = YES;
				GCC_WARN_UNINITIALIZED_AUTOS = YES_AGGRESSIVE;
				GCC_WARN_UNUSED_FUNCTION = YES;
				GCC_WARN_UNUSED_VARIABLE = YES;
				IPHONEOS_DEPLOYMENT_TARGET = 10.0;
				MTL_ENABLE_DEBUG_INFO = NO;
				SDKROOT = iphoneos;
				SWIFT_OPTIMIZATION_LEVEL = "-Owholemodule";
				VALIDATE_PRODUCT = YES;
			};
			name = Release;
		};
		FF048A7A1D20EB8E00D78617 /* Debug */ = {
			isa = XCBuildConfiguration;
			buildSettings = {
				ASSETCATALOG_COMPILER_APPICON_NAME = AppIcon;
				INFOPLIST_FILE = IDEAChat/Info.plist;
				LD_RUNPATH_SEARCH_PATHS = "$(inherited) @executable_path/Frameworks";
				PRODUCT_BUNDLE_IDENTIFIER = academy.ide.IDEAChat;
				PRODUCT_NAME = "$(TARGET_NAME)";
				SWIFT_VERSION = 3.0;
			};
			name = Debug;
		};
		FF048A7B1D20EB8E00D78617 /* Release */ = {
			isa = XCBuildConfiguration;
			buildSettings = {
				ASSETCATALOG_COMPILER_APPICON_NAME = AppIcon;
				INFOPLIST_FILE = IDEAChat/Info.plist;
				LD_RUNPATH_SEARCH_PATHS = "$(inherited) @executable_path/Frameworks";
				PRODUCT_BUNDLE_IDENTIFIER = academy.ide.IDEAChat;
				PRODUCT_NAME = "$(TARGET_NAME)";
				SWIFT_VERSION = 3.0;
			};
			name = Release;
		};
/* End XCBuildConfiguration section */

/* Begin XCConfigurationList section */
		FF048A621D20EB8E00D78617 /* Build configuration list for PBXProject "IDEAChat" */ = {
			isa = XCConfigurationList;
			buildConfigurations = (
				FF048A771D20EB8E00D78617 /* Debug */,
				FF048A781D20EB8E00D78617 /* Release */,
			);
			defaultConfigurationIsVisible = 0;
			defaultConfigurationName = Release;
		};
		FF048A791D20EB8E00D78617 /* Build configuration list for PBXNativeTarget "IDEAChat" */ = {
			isa = XCConfigurationList;
			buildConfigurations = (
				FF048A7A1D20EB8E00D78617 /* Debug */,
				FF048A7B1D20EB8E00D78617 /* Release */,
			);
			defaultConfigurationIsVisible = 0;
		};
/* End XCConfigurationList section */
	};
	rootObject = FF048A5F1D20EB8E00D78617 /* Project object */;
}
