// !$*UTF8*$!
{
	archiveVersion = 1;
	classes = {
	};
	objectVersion = 46;
	objects = {

/* Begin PBXBuildFile section */
		EB4F8B2D11DAE0FC338FC4C3 /* Pods_IDEAChat.framework in Frameworks */ = {isa = PBXBuildFile; fileRef = FEFDE95FBED8E2A54B004966 /* Pods_IDEAChat.framework */; };
		FF048A6B1D20EB8E00D78617 /* AppDelegate.swift in Sources */ = {isa = PBXBuildFile; fileRef = FF048A6A1D20EB8E00D78617 /* AppDelegate.swift */; };
		FF048A701D20EB8E00D78617 /* Main.storyboard in Resources */ = {isa = PBXBuildFile; fileRef = FF048A6E1D20EB8E00D78617 /* Main.storyboard */; };
		FF048A721D20EB8E00D78617 /* Assets.xcassets in Resources */ = {isa = PBXBuildFile; fileRef = FF048A711D20EB8E00D78617 /* Assets.xcassets */; };
		FF048A751D20EB8E00D78617 /* LaunchScreen.storyboard in Resources */ = {isa = PBXBuildFile; fileRef = FF048A731D20EB8E00D78617 /* LaunchScreen.storyboard */; };
		FF048A821D211A1400D78617 /* SplashViewController.swift in Sources */ = {isa = PBXBuildFile; fileRef = FF048A811D211A1400D78617 /* SplashViewController.swift */; };
		FF048A841D211A2300D78617 /* LoginViewController.swift in Sources */ = {isa = PBXBuildFile; fileRef = FF048A831D211A2300D78617 /* LoginViewController.swift */; };
		FF048A861D211A2F00D78617 /* RegisterViewController.swift in Sources */ = {isa = PBXBuildFile; fileRef = FF048A851D211A2F00D78617 /* RegisterViewController.swift */; };
		FF048A881D211A4300D78617 /* BaseAuthenticateViewController.swift in Sources */ = {isa = PBXBuildFile; fileRef = FF048A871D211A4300D78617 /* BaseAuthenticateViewController.swift */; };
		FF048A8A1D211A6500D78617 /* BaseAuthenticatedViewController.swift in Sources */ = {isa = PBXBuildFile; fileRef = FF048A891D211A6500D78617 /* BaseAuthenticatedViewController.swift */; };
		FF048A8C1D211A9200D78617 /* MessageViewController.swift in Sources */ = {isa = PBXBuildFile; fileRef = FF048A8B1D211A9200D78617 /* MessageViewController.swift */; };
		FF048A8E1D211ABB00D78617 /* ContactViewController.swift in Sources */ = {isa = PBXBuildFile; fileRef = FF048A8D1D211ABB00D78617 /* ContactViewController.swift */; };
		FF048A901D211AC900D78617 /* ProfileViewController.swift in Sources */ = {isa = PBXBuildFile; fileRef = FF048A8F1D211AC900D78617 /* ProfileViewController.swift */; };
		FF048A931D211BD600D78617 /* SBIdentifier.swift in Sources */ = {isa = PBXBuildFile; fileRef = FF048A921D211BD600D78617 /* SBIdentifier.swift */; };
/* End PBXBuildFile section */

/* Begin PBXFileReference section */
		16900A3C13308015E18F94F4 /* Pods-IDEAChat.release.xcconfig */ = {isa = PBXFileReference; includeInIndex = 1; lastKnownFileType = text.xcconfig; name = "Pods-IDEAChat.release.xcconfig"; path = "Pods/Target Support Files/Pods-IDEAChat/Pods-IDEAChat.release.xcconfig"; sourceTree = "<group>"; };
		C94E8EBBA3DB57C7A3A6F875 /* Pods-IDEAChat.debug.xcconfig */ = {isa = PBXFileReference; includeInIndex = 1; lastKnownFileType = text.xcconfig; name = "Pods-IDEAChat.debug.xcconfig"; path = "Pods/Target Support Files/Pods-IDEAChat/Pods-IDEAChat.debug.xcconfig"; sourceTree = "<group>"; };
		FEFDE95FBED8E2A54B004966 /* Pods_IDEAChat.framework */ = {isa = PBXFileReference; explicitFileType = wrapper.framework; includeInIndex = 0; path = Pods_IDEAChat.framework; sourceTree = BUILT_PRODUCTS_DIR; };
		FF048A671D20EB8E00D78617 /* IDEAChat.app */ = {isa = PBXFileReference; explicitFileType = wrapper.application; includeInIndex = 0; path = IDEAChat.app; sourceTree = BUILT_PRODUCTS_DIR; };
		FF048A6A1D20EB8E00D78617 /* AppDelegate.swift */ = {isa = PBXFileReference; lastKnownFileType = sourcecode.swift; path = AppDelegate.swift; sourceTree = "<group>"; };
		FF048A6F1D20EB8E00D78617 /* Base */ = {isa = PBXFileReference; lastKnownFileType = file.storyboard; name = Base; path = Base.lproj/Main.storyboard; sourceTree = "<group>"; };
		FF048A711D20EB8E00D78617 /* Assets.xcassets */ = {isa = PBXFileReference; lastKnownFileType = folder.assetcatalog; path = Assets.xcassets; sourceTree = "<group>"; };
		FF048A741D20EB8E00D78617 /* Base */ = {isa = PBXFileReference; lastKnownFileType = file.storyboard; name = Base; path = Base.lproj/LaunchScreen.storyboard; sourceTree = "<group>"; };
		FF048A761D20EB8E00D78617 /* Info.plist */ = {isa = PBXFileReference; lastKnownFileType = text.plist.xml; path = Info.plist; sourceTree = "<group>"; };
		FF048A811D211A1400D78617 /* SplashViewController.swift */ = {isa = PBXFileReference; fileEncoding = 4; lastKnownFileType = sourcecode.swift; path = SplashViewController.swift; sourceTree = "<group>"; };
		FF048A831D211A2300D78617 /* LoginViewController.swift */ = {isa = PBXFileReference; fileEncoding = 4; lastKnownFileType = sourcecode.swift; path = LoginViewController.swift; sourceTree = "<group>"; };
		FF048A851D211A2F00D78617 /* RegisterViewController.swift */ = {isa = PBXFileReference; fileEncoding = 4; lastKnownFileType = sourcecode.swift; path = RegisterViewController.swift; sourceTree = "<group>"; };
		FF048A871D211A4300D78617 /* BaseAuthenticateViewController.swift */ = {isa = PBXFileReference; fileEncoding = 4; lastKnownFileType = sourcecode.swift; path = BaseAuthenticateViewController.swift; sourceTree = "<group>"; };
		FF048A891D211A6500D78617 /* BaseAuthenticatedViewController.swift */ = {isa = PBXFileReference; fileEncoding = 4; lastKnownFileType = sourcecode.swift; path = BaseAuthenticatedViewController.swift; sourceTree = "<group>"; };
		FF048A8B1D211A9200D78617 /* MessageViewController.swift */ = {isa = PBXFileReference; fileEncoding = 4; lastKnownFileType = sourcecode.swift; path = MessageViewController.swift; sourceTree = "<group>"; };
		FF048A8D1D211ABB00D78617 /* ContactViewController.swift */ = {isa = PBXFileReference; fileEncoding = 4; lastKnownFileType = sourcecode.swift; path = ContactViewController.swift; sourceTree = "<group>"; };
		FF048A8F1D211AC900D78617 /* ProfileViewController.swift */ = {isa = PBXFileReference; fileEncoding = 4; lastKnownFileType = sourcecode.swift; path = ProfileViewController.swift; sourceTree = "<group>"; };
		FF048A921D211BD600D78617 /* SBIdentifier.swift */ = {isa = PBXFileReference; fileEncoding = 4; lastKnownFileType = sourcecode.swift; path = SBIdentifier.swift; sourceTree = "<group>"; };
/* End PBXFileReference section */

/* Begin PBXFrameworksBuildPhase section */
		FF048A641D20EB8E00D78617 /* Frameworks */ = {
			isa = PBXFrameworksBuildPhase;
			buildActionMask = 2147483647;
			files = (
				EB4F8B2D11DAE0FC338FC4C3 /* Pods_IDEAChat.framework in Frameworks */,
			);
			runOnlyForDeploymentPostprocessing = 0;
		};
/* End PBXFrameworksBuildPhase section */

/* Begin PBXGroup section */
		3BB4F50C440E272F4166D35B /* Pods */ = {
			isa = PBXGroup;
			children = (
				C94E8EBBA3DB57C7A3A6F875 /* Pods-IDEAChat.debug.xcconfig */,
				16900A3C13308015E18F94F4 /* Pods-IDEAChat.release.xcconfig */,
			);
			name = Pods;
			sourceTree = "<group>";
		};
		FBE791487C6A0D70F740C1DF /* Frameworks */ = {
			isa = PBXGroup;
			children = (
				FEFDE95FBED8E2A54B004966 /* Pods_IDEAChat.framework */,
			);
			name = Frameworks;
			sourceTree = "<group>";
		};
		FF048A5E1D20EB8E00D78617 = {
			isa = PBXGroup;
			children = (
				FF048A691D20EB8E00D78617 /* IDEAChat */,
				FF048A681D20EB8E00D78617 /* Products */,
				3BB4F50C440E272F4166D35B /* Pods */,
				FBE791487C6A0D70F740C1DF /* Frameworks */,
			);
			sourceTree = "<group>";
		};
		FF048A681D20EB8E00D78617 /* Products */ = {
			isa = PBXGroup;
			children = (
				FF048A671D20EB8E00D78617 /* IDEAChat.app */,
			);
			name = Products;
			sourceTree = "<group>";
		};
		FF048A691D20EB8E00D78617 /* IDEAChat */ = {
			isa = PBXGroup;
			children = (
				FF048A911D211BBD00D78617 /* Helpers */,
				FF048A7D1D21191500D78617 /* Models */,
				FF048A7C1D21190900D78617 /* Controllers */,
				FF048A6A1D20EB8E00D78617 /* AppDelegate.swift */,
				FF048A6E1D20EB8E00D78617 /* Main.storyboard */,
				FF048A711D20EB8E00D78617 /* Assets.xcassets */,
				FF048A731D20EB8E00D78617 /* LaunchScreen.storyboard */,
				FF048A761D20EB8E00D78617 /* Info.plist */,
			);
			path = IDEAChat;
			sourceTree = "<group>";
		};
		FF048A7C1D21190900D78617 /* Controllers */ = {
			isa = PBXGroup;
			children = (
				FF048A801D2119E100D78617 /* Authenticate */,
				FF048A7E1D21199A00D78617 /* Authenticated */,
			);
			path = Controllers;
			sourceTree = "<group>";
		};
		FF048A7D1D21191500D78617 /* Models */ = {
			isa = PBXGroup;
			children = (
			);
			path = Models;
			sourceTree = "<group>";
		};
		FF048A7E1D21199A00D78617 /* Authenticated */ = {
			isa = PBXGroup;
			children = (
				FF048A891D211A6500D78617 /* BaseAuthenticatedViewController.swift */,
				FF048A8B1D211A9200D78617 /* MessageViewController.swift */,
				FF048A8D1D211ABB00D78617 /* ContactViewController.swift */,
				FF048A8F1D211AC900D78617 /* ProfileViewController.swift */,
			);
			path = Authenticated;
			sourceTree = "<group>";
		};
		FF048A801D2119E100D78617 /* Authenticate */ = {
			isa = PBXGroup;
			children = (
				FF048A811D211A1400D78617 /* SplashViewController.swift */,
				FF048A831D211A2300D78617 /* LoginViewController.swift */,
				FF048A851D211A2F00D78617 /* RegisterViewController.swift */,
				FF048A871D211A4300D78617 /* BaseAuthenticateViewController.swift */,
			);
			path = Authenticate;
			sourceTree = "<group>";
		};
		FF048A911D211BBD00D78617 /* Helpers */ = {
			isa = PBXGroup;
			children = (
				FF048A921D211BD600D78617 /* SBIdentifier.swift */,
			);
			path = Helpers;
			sourceTree = "<group>";
		};
/* End PBXGroup section */

/* Begin PBXNativeTarget section */
		FF048A661D20EB8E00D78617 /* IDEAChat */ = {
			isa = PBXNativeTarget;
			buildConfigurationList = FF048A791D20EB8E00D78617 /* Build configuration list for PBXNativeTarget "IDEAChat" */;
			buildPhases = (
				80BEA93AA8F729494013E7B1 /* Check Pods Manifest.lock */,
				FF048A631D20EB8E00D78617 /* Sources */,
				FF048A641D20EB8E00D78617 /* Frameworks */,
				FF048A651D20EB8E00D78617 /* Resources */,
				8B37D49375C9EB82FDEE2816 /* Embed Pods Frameworks */,
				6D30B365EFFDDED1CB01CDD6 /* Copy Pods Resources */,
			);
			buildRules = (
			);
			dependencies = (
			);
			name = IDEAChat;
			productName = IDEAChat;
			productReference = FF048A671D20EB8E00D78617 /* IDEAChat.app */;
			productType = "com.apple.product-type.application";
		};
/* End PBXNativeTarget section */

/* Begin PBXProject section */
		FF048A5F1D20EB8E00D78617 /* Project object */ = {
			isa = PBXProject;
			attributes = {
				LastSwiftUpdateCheck = 0800;
				LastUpgradeCheck = 0800;
				ORGANIZATIONNAME = "Long Hoang";
				TargetAttributes = {
					FF048A661D20EB8E00D78617 = {
						CreatedOnToolsVersion = 8.0;
						DevelopmentTeam = GBRMF3XZ9K;
						DevelopmentTeamName = "Long Hoàng";
						ProvisioningStyle = Manual;
					};
				};
			};
			buildConfigurationList = FF048A621D20EB8E00D78617 /* Build configuration list for PBXProject "IDEAChat" */;
			compatibilityVersion = "Xcode 3.2";
			developmentRegion = English;
			hasScannedForEncodings = 0;
			knownRegions = (
				en,
				Base,
			);
			mainGroup = FF048A5E1D20EB8E00D78617;
			productRefGroup = FF048A681D20EB8E00D78617 /* Products */;
			projectDirPath = "";
			projectRoot = "";
			targets = (
				FF048A661D20EB8E00D78617 /* IDEAChat */,
			);
		};
/* End PBXProject section */

/* Begin PBXResourcesBuildPhase section */
		FF048A651D20EB8E00D78617 /* Resources */ = {
			isa = PBXResourcesBuildPhase;
			buildActionMask = 2147483647;
			files = (
				FF048A751D20EB8E00D78617 /* LaunchScreen.storyboard in Resources */,
				FF048A721D20EB8E00D78617 /* Assets.xcassets in Resources */,
				FF048A701D20EB8E00D78617 /* Main.storyboard in Resources */,
			);
			runOnlyForDeploymentPostprocessing = 0;
		};
/* End PBXResourcesBuildPhase section */

/* Begin PBXShellScriptBuildPhase section */
		6D30B365EFFDDED1CB01CDD6 /* Copy Pods Resources */ = {
			isa = PBXShellScriptBuildPhase;
			buildActionMask = 2147483647;
			files = (
			);
			inputPaths = (
			);
			name = "Copy Pods Resources";
			outputPaths = (
			);
			runOnlyForDeploymentPostprocessing = 0;
			shellPath = /bin/sh;
			shellScript = "\"${SRCROOT}/Pods/Target Support Files/Pods-IDEAChat/Pods-IDEAChat-resources.sh\"\n";
			showEnvVarsInLog = 0;
		};
		80BEA93AA8F729494013E7B1 /* Check Pods Manifest.lock */ = {
			isa = PBXShellScriptBuildPhase;
			buildActionMask = 2147483647;
			files = (
			);
			inputPaths = (
			);
			name = "Check Pods Manifest.lock";
			outputPaths = (
			);
			runOnlyForDeploymentPostprocessing = 0;
			shellPath = /bin/sh;
			shellScript = "diff \"${PODS_ROOT}/../Podfile.lock\" \"${PODS_ROOT}/Manifest.lock\" > /dev/null\nif [[ $? != 0 ]] ; then\n    cat << EOM\nerror: The sandbox is not in sync with the Podfile.lock. Run 'pod install' or update your CocoaPods installation.\nEOM\n    exit 1\nfi\n";
			showEnvVarsInLog = 0;
		};
		8B37D49375C9EB82FDEE2816 /* Embed Pods Frameworks */ = {
			isa = PBXShellScriptBuildPhase;
			buildActionMask = 2147483647;
			files = (
			);
			inputPaths = (
			);
			name = "Embed Pods Frameworks";
			outputPaths = (
			);
			runOnlyForDeploymentPostprocessing = 0;
			shellPath = /bin/sh;
			shellScript = "\"${SRCROOT}/Pods/Target Support Files/Pods-IDEAChat/Pods-IDEAChat-frameworks.sh\"\n";
			showEnvVarsInLog = 0;
		};
/* End PBXShellScriptBuildPhase section */

/* Begin PBXSourcesBuildPhase section */
		FF048A631D20EB8E00D78617 /* Sources */ = {
			isa = PBXSourcesBuildPhase;
			buildActionMask = 2147483647;
			files = (
				FF048A841D211A2300D78617 /* LoginViewController.swift in Sources */,
				FF048A8E1D211ABB00D78617 /* ContactViewController.swift in Sources */,
				FF048A6B1D20EB8E00D78617 /* AppDelegate.swift in Sources */,
				FF048A931D211BD600D78617 /* SBIdentifier.swift in Sources */,
				FF048A881D211A4300D78617 /* BaseAuthenticateViewController.swift in Sources */,
				FF048A8A1D211A6500D78617 /* BaseAuthenticatedViewController.swift in Sources */,
				FF048A821D211A1400D78617 /* SplashViewController.swift in Sources */,
				FF048A901D211AC900D78617 /* ProfileViewController.swift in Sources */,
				FF048A861D211A2F00D78617 /* RegisterViewController.swift in Sources */,
				FF048A8C1D211A9200D78617 /* MessageViewController.swift in Sources */,
			);
			runOnlyForDeploymentPostprocessing = 0;
		};
/* End PBXSourcesBuildPhase section */

/* Begin PBXVariantGroup section */
		FF048A6E1D20EB8E00D78617 /* Main.storyboard */ = {
			isa = PBXVariantGroup;
			children = (
				FF048A6F1D20EB8E00D78617 /* Base */,
			);
			name = Main.storyboard;
			sourceTree = "<group>";
		};
		FF048A731D20EB8E00D78617 /* LaunchScreen.storyboard */ = {
			isa = PBXVariantGroup;
			children = (
				FF048A741D20EB8E00D78617 /* Base */,
			);
			name = LaunchScreen.storyboard;
			sourceTree = "<group>";
		};
/* End PBXVariantGroup section */

/* Begin XCBuildConfiguration section */
		FF048A771D20EB8E00D78617 /* Debug */ = {
			isa = XCBuildConfiguration;
			buildSettings = {
				ALWAYS_SEARCH_USER_PATHS = NO;
				CLANG_ANALYZER_NONNULL = YES;
				CLANG_CXX_LANGUAGE_STANDARD = "gnu++0x";
				CLANG_CXX_LIBRARY = "libc++";
				CLANG_ENABLE_MODULES = YES;
				CLANG_ENABLE_OBJC_ARC = YES;
				CLANG_WARN_BOOL_CONVERSION = YES;
				CLANG_WARN_CONSTANT_CONVERSION = YES;
				CLANG_WARN_DIRECT_OBJC_ISA_USAGE = YES_ERROR;
				CLANG_WARN_DOCUMENTATION_COMMENTS = YES;
				CLANG_WARN_EMPTY_BODY = YES;
				CLANG_WARN_ENUM_CONVERSION = YES;
				CLANG_WARN_INT_CONVERSION = YES;
				CLANG_WARN_OBJC_ROOT_CLASS = YES_ERROR;
				CLANG_WARN_UNREACHABLE_CODE = YES;
				CLANG_WARN__DUPLICATE_METHOD_MATCH = YES;
				"CODE_SIGN_IDENTITY[sdk=iphoneos*]" = "iPhone Developer";
				COPY_PHASE_STRIP = NO;
				DEBUG_INFORMATION_FORMAT = dwarf;
				ENABLE_STRICT_OBJC_MSGSEND = YES;
				ENABLE_TESTABILITY = YES;
				GCC_C_LANGUAGE_STANDARD = gnu99;
				GCC_DYNAMIC_NO_PIC = NO;
				GCC_NO_COMMON_BLOCKS = YES;
				GCC_OPTIMIZATION_LEVEL = 0;
				GCC_PREPROCESSOR_DEFINITIONS = (
					"DEBUG=1",
					"$(inherited)",
				);
				GCC_WARN_64_TO_32_BIT_CONVERSION = YES;
				GCC_WARN_ABOUT_RETURN_TYPE = YES_ERROR;
				GCC_WARN_UNDECLARED_SELECTOR = YES;
				GCC_WARN_UNINITIALIZED_AUTOS = YES_AGGRESSIVE;
				GCC_WARN_UNUSED_FUNCTION = YES;
				GCC_WARN_UNUSED_VARIABLE = YES;
				IPHONEOS_DEPLOYMENT_TARGET = 10.0;
				MTL_ENABLE_DEBUG_INFO = YES;
				ONLY_ACTIVE_ARCH = YES;
				SDKROOT = iphoneos;
				SWIFT_ACTIVE_COMPILATION_CONDITIONS = DEBUG;
				SWIFT_OPTIMIZATION_LEVEL = "-Onone";
			};
			name = Debug;
		};
		FF048A781D20EB8E00D78617 /* Release */ = {
			isa = XCBuildConfiguration;
			buildSettings = {
				ALWAYS_SEARCH_USER_PATHS = NO;
				CLANG_ANALYZER_NONNULL = YES;
				CLANG_CXX_LANGUAGE_STANDARD = "gnu++0x";
				CLANG_CXX_LIBRARY = "libc++";
				CLANG_ENABLE_MODULES = YES;
				CLANG_ENABLE_OBJC_ARC = YES;
				CLANG_WARN_BOOL_CONVERSION = YES;
				CLANG_WARN_CONSTANT_CONVERSION = YES;
				CLANG_WARN_DIRECT_OBJC_ISA_USAGE = YES_ERROR;
				CLANG_WARN_DOCUMENTATION_COMMENTS = YES;
				CLANG_WARN_EMPTY_BODY = YES;
				CLANG_WARN_ENUM_CONVERSION = YES;
				CLANG_WARN_INT_CONVERSION = YES;
				CLANG_WARN_OBJC_ROOT_CLASS = YES_ERROR;
				CLANG_WARN_UNREACHABLE_CODE = YES;
				CLANG_WARN__DUPLICATE_METHOD_MATCH = YES;
				"CODE_SIGN_IDENTITY[sdk=iphoneos*]" = "iPhone Developer";
				COPY_PHASE_STRIP = NO;
				DEBUG_INFORMATION_FORMAT = "dwarf-with-dsym";
				ENABLE_NS_ASSERTIONS = NO;
				ENABLE_STRICT_OBJC_MSGSEND = YES;
				GCC_C_LANGUAGE_STANDARD = gnu99;
				GCC_NO_COMMON_BLOCKS = YES;
				GCC_WARN_64_TO_32_BIT_CONVERSION = YES;
				GCC_WARN_ABOUT_RETURN_TYPE = YES_ERROR;
				GCC_WARN_UNDECLARED_SELECTOR = YES;
				GCC_WARN_UNINITIALIZED_AUTOS = YES_AGGRESSIVE;
				GCC_WARN_UNUSED_FUNCTION = YES;
				GCC_WARN_UNUSED_VARIABLE = YES;
				IPHONEOS_DEPLOYMENT_TARGET = 10.0;
				MTL_ENABLE_DEBUG_INFO = NO;
				SDKROOT = iphoneos;
				SWIFT_OPTIMIZATION_LEVEL = "-Owholemodule";
				VALIDATE_PRODUCT = YES;
			};
			name = Release;
		};
		FF048A7A1D20EB8E00D78617 /* Debug */ = {
			isa = XCBuildConfiguration;
			baseConfigurationReference = C94E8EBBA3DB57C7A3A6F875 /* Pods-IDEAChat.debug.xcconfig */;
			buildSettings = {
				ASSETCATALOG_COMPILER_APPICON_NAME = AppIcon;
				INFOPLIST_FILE = IDEAChat/Info.plist;
				IPHONEOS_DEPLOYMENT_TARGET = 8.0;
				LD_RUNPATH_SEARCH_PATHS = "$(inherited) @executable_path/Frameworks";
				PRODUCT_BUNDLE_IDENTIFIER = academy.ide.IDEAChat;
				PRODUCT_NAME = "$(TARGET_NAME)";
				SWIFT_VERSION = 3.0;
			};
			name = Debug;
		};
		FF048A7B1D20EB8E00D78617 /* Release */ = {
			isa = XCBuildConfiguration;
			baseConfigurationReference = 16900A3C13308015E18F94F4 /* Pods-IDEAChat.release.xcconfig */;
			buildSettings = {
				ASSETCATALOG_COMPILER_APPICON_NAME = AppIcon;
				INFOPLIST_FILE = IDEAChat/Info.plist;
				IPHONEOS_DEPLOYMENT_TARGET = 8.0;
				LD_RUNPATH_SEARCH_PATHS = "$(inherited) @executable_path/Frameworks";
				PRODUCT_BUNDLE_IDENTIFIER = academy.ide.IDEAChat;
				PRODUCT_NAME = "$(TARGET_NAME)";
				SWIFT_VERSION = 3.0;
			};
			name = Release;
		};
/* End XCBuildConfiguration section */

/* Begin XCConfigurationList section */
		FF048A621D20EB8E00D78617 /* Build configuration list for PBXProject "IDEAChat" */ = {
			isa = XCConfigurationList;
			buildConfigurations = (
				FF048A771D20EB8E00D78617 /* Debug */,
				FF048A781D20EB8E00D78617 /* Release */,
			);
			defaultConfigurationIsVisible = 0;
			defaultConfigurationName = Release;
		};
		FF048A791D20EB8E00D78617 /* Build configuration list for PBXNativeTarget "IDEAChat" */ = {
			isa = XCConfigurationList;
			buildConfigurations = (
				FF048A7A1D20EB8E00D78617 /* Debug */,
				FF048A7B1D20EB8E00D78617 /* Release */,
			);
			defaultConfigurationIsVisible = 0;
			defaultConfigurationName = Release;
		};
/* End XCConfigurationList section */
	};
	rootObject = FF048A5F1D20EB8E00D78617 /* Project object */;
}
